// !$*UTF8*$!
{
	archiveVersion = 1;
	classes = {
	};
	objectVersion = 46;
	objects = {

/* Begin PBXBuildFile section */
		873687AA96D5C96EF632BC14 /* Pods_Fridgemate.framework in Frameworks */ = {isa = PBXBuildFile; fileRef = BEA8ED079C38FDFE08944254 /* Pods_Fridgemate.framework */; };
		DD0400121D38242C001AA22D /* AppDelegate.swift in Sources */ = {isa = PBXBuildFile; fileRef = DD0400111D38242C001AA22D /* AppDelegate.swift */; };
		DD0400141D38242C001AA22D /* ViewController.swift in Sources */ = {isa = PBXBuildFile; fileRef = DD0400131D38242C001AA22D /* ViewController.swift */; };
		DD0400171D38242C001AA22D /* Main.storyboard in Resources */ = {isa = PBXBuildFile; fileRef = DD0400151D38242C001AA22D /* Main.storyboard */; };
		DD0400191D38242C001AA22D /* Assets.xcassets in Resources */ = {isa = PBXBuildFile; fileRef = DD0400181D38242C001AA22D /* Assets.xcassets */; };
		DD04001C1D38242C001AA22D /* LaunchScreen.storyboard in Resources */ = {isa = PBXBuildFile; fileRef = DD04001A1D38242C001AA22D /* LaunchScreen.storyboard */; };
		DD854B741D512758001A8B6C /* RecipeSetup.swift in Sources */ = {isa = PBXBuildFile; fileRef = DD854B731D512758001A8B6C /* RecipeSetup.swift */; };
		DD854B761D53B8D2001A8B6C /* myPantryClass.swift in Sources */ = {isa = PBXBuildFile; fileRef = DD854B751D53B8D1001A8B6C /* myPantryClass.swift */; };
/* End PBXBuildFile section */

/* Begin PBXFileReference section */
		BEA8ED079C38FDFE08944254 /* Pods_Fridgemate.framework */ = {isa = PBXFileReference; explicitFileType = wrapper.framework; includeInIndex = 0; path = Pods_Fridgemate.framework; sourceTree = BUILT_PRODUCTS_DIR; };
		DD04000E1D38242C001AA22D /* Fridgemate.app */ = {isa = PBXFileReference; explicitFileType = wrapper.application; includeInIndex = 0; path = Fridgemate.app; sourceTree = BUILT_PRODUCTS_DIR; };
		DD0400111D38242C001AA22D /* AppDelegate.swift */ = {isa = PBXFileReference; lastKnownFileType = sourcecode.swift; path = AppDelegate.swift; sourceTree = "<group>"; };
		DD0400131D38242C001AA22D /* ViewController.swift */ = {isa = PBXFileReference; lastKnownFileType = sourcecode.swift; path = ViewController.swift; sourceTree = "<group>"; };
		DD0400161D38242C001AA22D /* Base */ = {isa = PBXFileReference; lastKnownFileType = file.storyboard; name = Base; path = Base.lproj/Main.storyboard; sourceTree = "<group>"; };
		DD0400181D38242C001AA22D /* Assets.xcassets */ = {isa = PBXFileReference; lastKnownFileType = folder.assetcatalog; path = Assets.xcassets; sourceTree = "<group>"; };
		DD04001B1D38242C001AA22D /* Base */ = {isa = PBXFileReference; lastKnownFileType = file.storyboard; name = Base; path = Base.lproj/LaunchScreen.storyboard; sourceTree = "<group>"; };
		DD04001D1D38242C001AA22D /* Info.plist */ = {isa = PBXFileReference; lastKnownFileType = text.plist.xml; path = Info.plist; sourceTree = "<group>"; };
		DD854B731D512758001A8B6C /* RecipeSetup.swift */ = {isa = PBXFileReference; fileEncoding = 4; lastKnownFileType = sourcecode.swift; path = RecipeSetup.swift; sourceTree = "<group>"; };
		DD854B751D53B8D1001A8B6C /* myPantryClass.swift */ = {isa = PBXFileReference; fileEncoding = 4; lastKnownFileType = sourcecode.swift; path = myPantryClass.swift; sourceTree = "<group>"; };
		E7B6A4593EAB93CA8FB9D9AD /* Pods-Fridgemate.debug.xcconfig */ = {isa = PBXFileReference; includeInIndex = 1; lastKnownFileType = text.xcconfig; name = "Pods-Fridgemate.debug.xcconfig"; path = "Pods/Target Support Files/Pods-Fridgemate/Pods-Fridgemate.debug.xcconfig"; sourceTree = "<group>"; };
		EAFCB5D43E103AB30B7D2351 /* Pods-Fridgemate.release.xcconfig */ = {isa = PBXFileReference; includeInIndex = 1; lastKnownFileType = text.xcconfig; name = "Pods-Fridgemate.release.xcconfig"; path = "Pods/Target Support Files/Pods-Fridgemate/Pods-Fridgemate.release.xcconfig"; sourceTree = "<group>"; };
/* End PBXFileReference section */

/* Begin PBXFrameworksBuildPhase section */
		DD04000B1D38242C001AA22D /* Frameworks */ = {
			isa = PBXFrameworksBuildPhase;
			buildActionMask = 2147483647;
			files = (
				873687AA96D5C96EF632BC14 /* Pods_Fridgemate.framework in Frameworks */,
			);
			runOnlyForDeploymentPostprocessing = 0;
		};
/* End PBXFrameworksBuildPhase section */

/* Begin PBXGroup section */
		103D840528DED7DC579A2473 /* Pods */ = {
			isa = PBXGroup;
			children = (
				E7B6A4593EAB93CA8FB9D9AD /* Pods-Fridgemate.debug.xcconfig */,
				EAFCB5D43E103AB30B7D2351 /* Pods-Fridgemate.release.xcconfig */,
			);
			name = Pods;
			sourceTree = "<group>";
		};
		DA085E5CB92F196B2DEAC24E /* Frameworks */ = {
			isa = PBXGroup;
			children = (
				BEA8ED079C38FDFE08944254 /* Pods_Fridgemate.framework */,
			);
			name = Frameworks;
			sourceTree = "<group>";
		};
		DD0400051D38242C001AA22D = {
			isa = PBXGroup;
			children = (
				DD0400101D38242C001AA22D /* Fridgemate */,
				DD04000F1D38242C001AA22D /* Products */,
				103D840528DED7DC579A2473 /* Pods */,
				DA085E5CB92F196B2DEAC24E /* Frameworks */,
			);
			sourceTree = "<group>";
		};
		DD04000F1D38242C001AA22D /* Products */ = {
			isa = PBXGroup;
			children = (
				DD04000E1D38242C001AA22D /* Fridgemate.app */,
			);
			name = Products;
			sourceTree = "<group>";
		};
		DD0400101D38242C001AA22D /* Fridgemate */ = {
			isa = PBXGroup;
			children = (
				DD0400111D38242C001AA22D /* AppDelegate.swift */,
				DD0400131D38242C001AA22D /* ViewController.swift */,
				DD854B751D53B8D1001A8B6C /* myPantryClass.swift */,
				DD854B731D512758001A8B6C /* RecipeSetup.swift */,
				DD0400151D38242C001AA22D /* Main.storyboard */,
				DD0400181D38242C001AA22D /* Assets.xcassets */,
				DD04001A1D38242C001AA22D /* LaunchScreen.storyboard */,
				DD04001D1D38242C001AA22D /* Info.plist */,
			);
			path = Fridgemate;
			sourceTree = "<group>";
		};
/* End PBXGroup section */

/* Begin PBXNativeTarget section */
		DD04000D1D38242C001AA22D /* Fridgemate */ = {
			isa = PBXNativeTarget;
			buildConfigurationList = DD0400201D38242C001AA22D /* Build configuration list for PBXNativeTarget "Fridgemate" */;
			buildPhases = (
				01A03F05430A58518B844F2F /* [CP] Check Pods Manifest.lock */,
				DD04000A1D38242C001AA22D /* Sources */,
				DD04000B1D38242C001AA22D /* Frameworks */,
				DD04000C1D38242C001AA22D /* Resources */,
				68801C705978483FED6DAD5E /* [CP] Embed Pods Frameworks */,
				9A3A8F0DA05EB7A605A36760 /* [CP] Copy Pods Resources */,
			);
			buildRules = (
			);
			dependencies = (
			);
			name = Fridgemate;
			productName = Fridgemate;
			productReference = DD04000E1D38242C001AA22D /* Fridgemate.app */;
			productType = "com.apple.product-type.application";
		};
/* End PBXNativeTarget section */

/* Begin PBXProject section */
		DD0400061D38242C001AA22D /* Project object */ = {
			isa = PBXProject;
			attributes = {
				LastSwiftUpdateCheck = 0730;
				LastUpgradeCheck = 0730;
				ORGANIZATIONNAME = Kadeem;
				TargetAttributes = {
					DD04000D1D38242C001AA22D = {
						CreatedOnToolsVersion = 7.3.1;
					};
				};
			};
			buildConfigurationList = DD0400091D38242C001AA22D /* Build configuration list for PBXProject "Fridgemate" */;
			compatibilityVersion = "Xcode 3.2";
			developmentRegion = English;
			hasScannedForEncodings = 0;
			knownRegions = (
				en,
				Base,
			);
			mainGroup = DD0400051D38242C001AA22D;
			productRefGroup = DD04000F1D38242C001AA22D /* Products */;
			projectDirPath = "";
			projectRoot = "";
			targets = (
				DD04000D1D38242C001AA22D /* Fridgemate */,
			);
		};
/* End PBXProject section */

/* Begin PBXResourcesBuildPhase section */
		DD04000C1D38242C001AA22D /* Resources */ = {
			isa = PBXResourcesBuildPhase;
			buildActionMask = 2147483647;
			files = (
				DD04001C1D38242C001AA22D /* LaunchScreen.storyboard in Resources */,
				DD0400191D38242C001AA22D /* Assets.xcassets in Resources */,
				DD0400171D38242C001AA22D /* Main.storyboard in Resources */,
			);
			runOnlyForDeploymentPostprocessing = 0;
		};
/* End PBXResourcesBuildPhase section */

/* Begin PBXShellScriptBuildPhase section */
		01A03F05430A58518B844F2F /* [CP] Check Pods Manifest.lock */ = {
			isa = PBXShellScriptBuildPhase;
			buildActionMask = 2147483647;
			files = (
			);
			inputPaths = (
			);
			name = "[CP] Check Pods Manifest.lock";
			outputPaths = (
			);
			runOnlyForDeploymentPostprocessing = 0;
			shellPath = /bin/sh;
			shellScript = "diff \"${PODS_ROOT}/../Podfile.lock\" \"${PODS_ROOT}/Manifest.lock\" > /dev/null\nif [[ $? != 0 ]] ; then\n    cat << EOM\nerror: The sandbox is not in sync with the Podfile.lock. Run 'pod install' or update your CocoaPods installation.\nEOM\n    exit 1\nfi\n";
			showEnvVarsInLog = 0;
		};
		68801C705978483FED6DAD5E /* [CP] Embed Pods Frameworks */ = {
			isa = PBXShellScriptBuildPhase;
			buildActionMask = 2147483647;
			files = (
			);
			inputPaths = (
			);
			name = "[CP] Embed Pods Frameworks";
			outputPaths = (
			);
			runOnlyForDeploymentPostprocessing = 0;
			shellPath = /bin/sh;
			shellScript = "\"${SRCROOT}/Pods/Target Support Files/Pods-Fridgemate/Pods-Fridgemate-frameworks.sh\"\n";
			showEnvVarsInLog = 0;
		};
		9A3A8F0DA05EB7A605A36760 /* [CP] Copy Pods Resources */ = {
			isa = PBXShellScriptBuildPhase;
			buildActionMask = 2147483647;
			files = (
			);
			inputPaths = (
			);
			name = "[CP] Copy Pods Resources";
			outputPaths = (
			);
			runOnlyForDeploymentPostprocessing = 0;
			shellPath = /bin/sh;
			shellScript = "\"${SRCROOT}/Pods/Target Support Files/Pods-Fridgemate/Pods-Fridgemate-resources.sh\"\n";
			showEnvVarsInLog = 0;
		};
/* End PBXShellScriptBuildPhase section */

/* Begin PBXSourcesBuildPhase section */
		DD04000A1D38242C001AA22D /* Sources */ = {
			isa = PBXSourcesBuildPhase;
			buildActionMask = 2147483647;
			files = (
				DD854B761D53B8D2001A8B6C /* myPantryClass.swift in Sources */,
				DD854B741D512758001A8B6C /* RecipeSetup.swift in Sources */,
				DD0400141D38242C001AA22D /* ViewController.swift in Sources */,
				DD0400121D38242C001AA22D /* AppDelegate.swift in Sources */,
			);
			runOnlyForDeploymentPostprocessing = 0;
		};
/* End PBXSourcesBuildPhase section */

/* Begin PBXVariantGroup section */
		DD0400151D38242C001AA22D /* Main.storyboard */ = {
			isa = PBXVariantGroup;
			children = (
				DD0400161D38242C001AA22D /* Base */,
			);
			name = Main.storyboard;
			sourceTree = "<group>";
		};
		DD04001A1D38242C001AA22D /* LaunchScreen.storyboard */ = {
			isa = PBXVariantGroup;
			children = (
				DD04001B1D38242C001AA22D /* Base */,
			);
			name = LaunchScreen.storyboard;
			sourceTree = "<group>";
		};
/* End PBXVariantGroup section */

/* Begin XCBuildConfiguration section */
		DD04001E1D38242C001AA22D /* Debug */ = {
			isa = XCBuildConfiguration;
			buildSettings = {
				ALWAYS_SEARCH_USER_PATHS = NO;
				CLANG_ANALYZER_NONNULL = YES;
				CLANG_CXX_LANGUAGE_STANDARD = "gnu++0x";
				CLANG_CXX_LIBRARY = "libc++";
				CLANG_ENABLE_MODULES = YES;
				CLANG_ENABLE_OBJC_ARC = YES;
				CLANG_WARN_BOOL_CONVERSION = YES;
				CLANG_WARN_CONSTANT_CONVERSION = YES;
				CLANG_WARN_DIRECT_OBJC_ISA_USAGE = YES_ERROR;
				CLANG_WARN_EMPTY_BODY = YES;
				CLANG_WARN_ENUM_CONVERSION = YES;
				CLANG_WARN_INT_CONVERSION = YES;
				CLANG_WARN_OBJC_ROOT_CLASS = YES_ERROR;
				CLANG_WARN_UNREACHABLE_CODE = YES;
				CLANG_WARN__DUPLICATE_METHOD_MATCH = YES;
				"CODE_SIGN_IDENTITY[sdk=iphoneos*]" = "iPhone Developer";
				COPY_PHASE_STRIP = NO;
				DEBUG_INFORMATION_FORMAT = dwarf;
				ENABLE_STRICT_OBJC_MSGSEND = YES;
				ENABLE_TESTABILITY = YES;
				GCC_C_LANGUAGE_STANDARD = gnu99;
				GCC_DYNAMIC_NO_PIC = NO;
				GCC_NO_COMMON_BLOCKS = YES;
				GCC_OPTIMIZATION_LEVEL = 0;
				GCC_PREPROCESSOR_DEFINITIONS = (
					"DEBUG=1",
					"$(inherited)",
				);
				GCC_WARN_64_TO_32_BIT_CONVERSION = YES;
				GCC_WARN_ABOUT_RETURN_TYPE = YES_ERROR;
				GCC_WARN_UNDECLARED_SELECTOR = YES;
				GCC_WARN_UNINITIALIZED_AUTOS = YES_AGGRESSIVE;
				GCC_WARN_UNUSED_FUNCTION = YES;
				GCC_WARN_UNUSED_VARIABLE = YES;
				IPHONEOS_DEPLOYMENT_TARGET = 9.3;
				MTL_ENABLE_DEBUG_INFO = YES;
				ONLY_ACTIVE_ARCH = YES;
				SDKROOT = iphoneos;
				SWIFT_OPTIMIZATION_LEVEL = "-Onone";
			};
			name = Debug;
		};
		DD04001F1D38242C001AA22D /* Release */ = {
			isa = XCBuildConfiguration;
			buildSettings = {
				ALWAYS_SEARCH_USER_PATHS = NO;
				CLANG_ANALYZER_NONNULL = YES;
				CLANG_CXX_LANGUAGE_STANDARD = "gnu++0x";
				CLANG_CXX_LIBRARY = "libc++";
				CLANG_ENABLE_MODULES = YES;
				CLANG_ENABLE_OBJC_ARC = YES;
				CLANG_WARN_BOOL_CONVERSION = YES;
				CLANG_WARN_CONSTANT_CONVERSION = YES;
				CLANG_WARN_DIRECT_OBJC_ISA_USAGE = YES_ERROR;
				CLANG_WARN_EMPTY_BODY = YES;
				CLANG_WARN_ENUM_CONVERSION = YES;
				CLANG_WARN_INT_CONVERSION = YES;
				CLANG_WARN_OBJC_ROOT_CLASS = YES_ERROR;
				CLANG_WARN_UNREACHABLE_CODE = YES;
				CLANG_WARN__DUPLICATE_METHOD_MATCH = YES;
				"CODE_SIGN_IDENTITY[sdk=iphoneos*]" = "iPhone Developer";
				COPY_PHASE_STRIP = NO;
				DEBUG_INFORMATION_FORMAT = "dwarf-with-dsym";
				ENABLE_NS_ASSERTIONS = NO;
				ENABLE_STRICT_OBJC_MSGSEND = YES;
				GCC_C_LANGUAGE_STANDARD = gnu99;
				GCC_NO_COMMON_BLOCKS = YES;
				GCC_WARN_64_TO_32_BIT_CONVERSION = YES;
				GCC_WARN_ABOUT_RETURN_TYPE = YES_ERROR;
				GCC_WARN_UNDECLARED_SELECTOR = YES;
				GCC_WARN_UNINITIALIZED_AUTOS = YES_AGGRESSIVE;
				GCC_WARN_UNUSED_FUNCTION = YES;
				GCC_WARN_UNUSED_VARIABLE = YES;
				IPHONEOS_DEPLOYMENT_TARGET = 9.3;
				MTL_ENABLE_DEBUG_INFO = NO;
				SDKROOT = iphoneos;
				VALIDATE_PRODUCT = YES;
			};
			name = Release;
		};
		DD0400211D38242C001AA22D /* Debug */ = {
			isa = XCBuildConfiguration;
			baseConfigurationReference = E7B6A4593EAB93CA8FB9D9AD /* Pods-Fridgemate.debug.xcconfig */;
			buildSettings = {
				ASSETCATALOG_COMPILER_APPICON_NAME = AppIcon;
				INFOPLIST_FILE = Fridgemate/Info.plist;
				LD_RUNPATH_SEARCH_PATHS = "$(inherited) @executable_path/Frameworks";
				PRODUCT_BUNDLE_IDENTIFIER = "-A.Fridgemate";
				PRODUCT_NAME = "$(TARGET_NAME)";
			};
			name = Debug;
		};
		DD0400221D38242C001AA22D /* Release */ = {
			isa = XCBuildConfiguration;
			baseConfigurationReference = EAFCB5D43E103AB30B7D2351 /* Pods-Fridgemate.release.xcconfig */;
			buildSettings = {
				ASSETCATALOG_COMPILER_APPICON_NAME = AppIcon;
				INFOPLIST_FILE = Fridgemate/Info.plist;
				LD_RUNPATH_SEARCH_PATHS = "$(inherited) @executable_path/Frameworks";
				PRODUCT_BUNDLE_IDENTIFIER = "-A.Fridgemate";
				PRODUCT_NAME = "$(TARGET_NAME)";
			};
			name = Release;
		};
/* End XCBuildConfiguration section */

/* Begin XCConfigurationList section */
		DD0400091D38242C001AA22D /* Build configuration list for PBXProject "Fridgemate" */ = {
			isa = XCConfigurationList;
			buildConfigurations = (
				DD04001E1D38242C001AA22D /* Debug */,
				DD04001F1D38242C001AA22D /* Release */,
			);
			defaultConfigurationIsVisible = 0;
			defaultConfigurationName = Release;
		};
		DD0400201D38242C001AA22D /* Build configuration list for PBXNativeTarget "Fridgemate" */ = {
			isa = XCConfigurationList;
			buildConfigurations = (
				DD0400211D38242C001AA22D /* Debug */,
				DD0400221D38242C001AA22D /* Release */,
			);
			defaultConfigurationIsVisible = 0;
			defaultConfigurationName = Release;
		};
/* End XCConfigurationList section */
	};
	rootObject = DD0400061D38242C001AA22D /* Project object */;
}
